// !$*UTF8*$!
{
	archiveVersion = 1;
	classes = {
	};
	objectVersion = 46;
	objects = {

/* Begin PBXBuildFile section */
		1A13006F14C1D33D00A77F85 /* XPSliderDataCell.h in Headers */ = {isa = PBXBuildFile; fileRef = 1A13006D14C1D33D00A77F85 /* XPSliderDataCell.h */; };
		1A13007014C1D33D00A77F85 /* XPSliderDataCell.m in Sources */ = {isa = PBXBuildFile; fileRef = 1A13006E14C1D33D00A77F85 /* XPSliderDataCell.m */; };
		1A13007414C1DB3F00A77F85 /* XPCheckmarkDataCell.h in Headers */ = {isa = PBXBuildFile; fileRef = 1A13007214C1DB3F00A77F85 /* XPCheckmarkDataCell.h */; };
		1A13007514C1DB3F00A77F85 /* XPCheckmarkDataCell.m in Sources */ = {isa = PBXBuildFile; fileRef = 1A13007314C1DB3F00A77F85 /* XPCheckmarkDataCell.m */; };
		1A13007814C1DFB700A77F85 /* XPPickerDataCell.h in Headers */ = {isa = PBXBuildFile; fileRef = 1A13007614C1DFB700A77F85 /* XPPickerDataCell.h */; };
		1A13007914C1DFB700A77F85 /* XPPickerDataCell.m in Sources */ = {isa = PBXBuildFile; fileRef = 1A13007714C1DFB700A77F85 /* XPPickerDataCell.m */; };
		1A90CAC514A28AD600F91E1C /* Foundation.framework in Frameworks */ = {isa = PBXBuildFile; fileRef = 1A90CAC414A28AD600F91E1C /* Foundation.framework */; };
		1A90CAD314A28E3E00F91E1C /* XPDataCell.h in Headers */ = {isa = PBXBuildFile; fileRef = 1A90CAD114A28E3E00F91E1C /* XPDataCell.h */; };
		1A90CAD414A28E3E00F91E1C /* XPDataCell.m in Sources */ = {isa = PBXBuildFile; fileRef = 1A90CAD214A28E3E00F91E1C /* XPDataCell.m */; };
		1A90CAE714A2959A00F91E1C /* XPDataGroup.m in Sources */ = {isa = PBXBuildFile; fileRef = 1A90CAE514A2954000F91E1C /* XPDataGroup.m */; };
		1A90CAEA14A296CD00F91E1C /* XPDataTableViewController.h in Headers */ = {isa = PBXBuildFile; fileRef = 1A90CAE814A296CD00F91E1C /* XPDataTableViewController.h */; };
		1A90CAEB14A296CD00F91E1C /* XPDataTableViewController.m in Sources */ = {isa = PBXBuildFile; fileRef = 1A90CAE914A296CD00F91E1C /* XPDataTableViewController.m */; };
		1ABBE57A14A3E3FA00B856A8 /* XPSwitchDataCell.h in Headers */ = {isa = PBXBuildFile; fileRef = 1ABBE57814A3E3FA00B856A8 /* XPSwitchDataCell.h */; };
		1ABBE57B14A3E3FA00B856A8 /* XPSwitchDataCell.m in Sources */ = {isa = PBXBuildFile; fileRef = 1ABBE57914A3E3FA00B856A8 /* XPSwitchDataCell.m */; };
/* End PBXBuildFile section */

/* Begin PBXFileReference section */
		1A13006D14C1D33D00A77F85 /* XPSliderDataCell.h */ = {isa = PBXFileReference; fileEncoding = 4; lastKnownFileType = sourcecode.c.h; path = XPSliderDataCell.h; sourceTree = "<group>"; };
		1A13006E14C1D33D00A77F85 /* XPSliderDataCell.m */ = {isa = PBXFileReference; fileEncoding = 4; lastKnownFileType = sourcecode.c.objc; path = XPSliderDataCell.m; sourceTree = "<group>"; };
		1A13007214C1DB3F00A77F85 /* XPCheckmarkDataCell.h */ = {isa = PBXFileReference; fileEncoding = 4; lastKnownFileType = sourcecode.c.h; path = XPCheckmarkDataCell.h; sourceTree = "<group>"; };
		1A13007314C1DB3F00A77F85 /* XPCheckmarkDataCell.m */ = {isa = PBXFileReference; fileEncoding = 4; lastKnownFileType = sourcecode.c.objc; path = XPCheckmarkDataCell.m; sourceTree = "<group>"; };
		1A13007614C1DFB700A77F85 /* XPPickerDataCell.h */ = {isa = PBXFileReference; fileEncoding = 4; lastKnownFileType = sourcecode.c.h; path = XPPickerDataCell.h; sourceTree = "<group>"; };
		1A13007714C1DFB700A77F85 /* XPPickerDataCell.m */ = {isa = PBXFileReference; fileEncoding = 4; lastKnownFileType = sourcecode.c.objc; path = XPPickerDataCell.m; sourceTree = "<group>"; };
		1A90CAC114A28AD600F91E1C /* libios-datatable.a */ = {isa = PBXFileReference; explicitFileType = archive.ar; includeInIndex = 0; path = "libios-datatable.a"; sourceTree = BUILT_PRODUCTS_DIR; };
		1A90CAC414A28AD600F91E1C /* Foundation.framework */ = {isa = PBXFileReference; lastKnownFileType = wrapper.framework; name = Foundation.framework; path = System/Library/Frameworks/Foundation.framework; sourceTree = SDKROOT; };
		1A90CAC814A28AD600F91E1C /* ios-datatable-Prefix.pch */ = {isa = PBXFileReference; lastKnownFileType = sourcecode.c.h; path = "ios-datatable-Prefix.pch"; sourceTree = "<group>"; };
		1A90CAD114A28E3E00F91E1C /* XPDataCell.h */ = {isa = PBXFileReference; fileEncoding = 4; lastKnownFileType = sourcecode.c.h; path = XPDataCell.h; sourceTree = "<group>"; };
		1A90CAD214A28E3E00F91E1C /* XPDataCell.m */ = {isa = PBXFileReference; fileEncoding = 4; lastKnownFileType = sourcecode.c.objc; path = XPDataCell.m; sourceTree = "<group>"; };
		1A90CAE414A2954000F91E1C /* XPDataGroup.h */ = {isa = PBXFileReference; lastKnownFileType = sourcecode.c.h; path = XPDataGroup.h; sourceTree = "<group>"; };
		1A90CAE514A2954000F91E1C /* XPDataGroup.m */ = {isa = PBXFileReference; lastKnownFileType = sourcecode.c.objc; path = XPDataGroup.m; sourceTree = "<group>"; };
		1A90CAE814A296CD00F91E1C /* XPDataTableViewController.h */ = {isa = PBXFileReference; fileEncoding = 4; lastKnownFileType = sourcecode.c.h; path = XPDataTableViewController.h; sourceTree = "<group>"; };
		1A90CAE914A296CD00F91E1C /* XPDataTableViewController.m */ = {isa = PBXFileReference; fileEncoding = 4; lastKnownFileType = sourcecode.c.objc; path = XPDataTableViewController.m; sourceTree = "<group>"; };
		1ABBE57814A3E3FA00B856A8 /* XPSwitchDataCell.h */ = {isa = PBXFileReference; fileEncoding = 4; lastKnownFileType = sourcecode.c.h; path = XPSwitchDataCell.h; sourceTree = "<group>"; };
		1ABBE57914A3E3FA00B856A8 /* XPSwitchDataCell.m */ = {isa = PBXFileReference; fileEncoding = 4; lastKnownFileType = sourcecode.c.objc; path = XPSwitchDataCell.m; sourceTree = "<group>"; };
/* End PBXFileReference section */

/* Begin PBXFrameworksBuildPhase section */
		1A90CABE14A28AD600F91E1C /* Frameworks */ = {
			isa = PBXFrameworksBuildPhase;
			buildActionMask = 2147483647;
			files = (
				1A90CAC514A28AD600F91E1C /* Foundation.framework in Frameworks */,
			);
			runOnlyForDeploymentPostprocessing = 0;
		};
/* End PBXFrameworksBuildPhase section */

/* Begin PBXGroup section */
		1A90CAB614A28AD600F91E1C = {
			isa = PBXGroup;
			children = (
				1A90CAC614A28AD600F91E1C /* ios-datatable */,
				1A90CAC314A28AD600F91E1C /* Frameworks */,
				1A90CAC214A28AD600F91E1C /* Products */,
			);
			sourceTree = "<group>";
		};
		1A90CAC214A28AD600F91E1C /* Products */ = {
			isa = PBXGroup;
			children = (
				1A90CAC114A28AD600F91E1C /* libios-datatable.a */,
			);
			name = Products;
			sourceTree = "<group>";
		};
		1A90CAC314A28AD600F91E1C /* Frameworks */ = {
			isa = PBXGroup;
			children = (
				1A90CAC414A28AD600F91E1C /* Foundation.framework */,
			);
			name = Frameworks;
			sourceTree = "<group>";
		};
		1A90CAC614A28AD600F91E1C /* ios-datatable */ = {
			isa = PBXGroup;
			children = (
				1A90CAC714A28AD600F91E1C /* Supporting Files */,
				1A90CAD114A28E3E00F91E1C /* XPDataCell.h */,
				1A90CAD214A28E3E00F91E1C /* XPDataCell.m */,
				1A90CAE414A2954000F91E1C /* XPDataGroup.h */,
				1A90CAE514A2954000F91E1C /* XPDataGroup.m */,
				1A90CAE814A296CD00F91E1C /* XPDataTableViewController.h */,
				1A90CAE914A296CD00F91E1C /* XPDataTableViewController.m */,
				1ABBE57814A3E3FA00B856A8 /* XPSwitchDataCell.h */,
				1ABBE57914A3E3FA00B856A8 /* XPSwitchDataCell.m */,
				1A13006D14C1D33D00A77F85 /* XPSliderDataCell.h */,
				1A13006E14C1D33D00A77F85 /* XPSliderDataCell.m */,
				1A13007214C1DB3F00A77F85 /* XPCheckmarkDataCell.h */,
				1A13007314C1DB3F00A77F85 /* XPCheckmarkDataCell.m */,
				1A13007614C1DFB700A77F85 /* XPPickerDataCell.h */,
				1A13007714C1DFB700A77F85 /* XPPickerDataCell.m */,
			);
			path = "ios-datatable";
			sourceTree = "<group>";
		};
		1A90CAC714A28AD600F91E1C /* Supporting Files */ = {
			isa = PBXGroup;
			children = (
				1A90CAC814A28AD600F91E1C /* ios-datatable-Prefix.pch */,
			);
			name = "Supporting Files";
			sourceTree = "<group>";
		};
/* End PBXGroup section */

/* Begin PBXHeadersBuildPhase section */
		1A90CABF14A28AD600F91E1C /* Headers */ = {
			isa = PBXHeadersBuildPhase;
			buildActionMask = 2147483647;
			files = (
				1A90CAD314A28E3E00F91E1C /* XPDataCell.h in Headers */,
				1A90CAEA14A296CD00F91E1C /* XPDataTableViewController.h in Headers */,
				1ABBE57A14A3E3FA00B856A8 /* XPSwitchDataCell.h in Headers */,
				1A13006F14C1D33D00A77F85 /* XPSliderDataCell.h in Headers */,
				1A13007414C1DB3F00A77F85 /* XPCheckmarkDataCell.h in Headers */,
				1A13007814C1DFB700A77F85 /* XPPickerDataCell.h in Headers */,
			);
			runOnlyForDeploymentPostprocessing = 0;
		};
/* End PBXHeadersBuildPhase section */

/* Begin PBXNativeTarget section */
		1A90CAC014A28AD600F91E1C /* ios-datatable */ = {
			isa = PBXNativeTarget;
			buildConfigurationList = 1A90CACE14A28AD600F91E1C /* Build configuration list for PBXNativeTarget "ios-datatable" */;
			buildPhases = (
				1A90CABD14A28AD600F91E1C /* Sources */,
				1A90CABE14A28AD600F91E1C /* Frameworks */,
				1A90CABF14A28AD600F91E1C /* Headers */,
			);
			buildRules = (
			);
			dependencies = (
			);
			name = "ios-datatable";
			productName = "ios-datatable";
			productReference = 1A90CAC114A28AD600F91E1C /* libios-datatable.a */;
			productType = "com.apple.product-type.library.static";
		};
/* End PBXNativeTarget section */

/* Begin PBXProject section */
		1A90CAB814A28AD600F91E1C /* Project object */ = {
			isa = PBXProject;
			attributes = {
				LastUpgradeCheck = 0420;
				ORGANIZATIONNAME = XPerienced;
			};
			buildConfigurationList = 1A90CABB14A28AD600F91E1C /* Build configuration list for PBXProject "ios-datatable" */;
			compatibilityVersion = "Xcode 3.2";
			developmentRegion = English;
			hasScannedForEncodings = 0;
			knownRegions = (
				en,
			);
			mainGroup = 1A90CAB614A28AD600F91E1C;
			productRefGroup = 1A90CAC214A28AD600F91E1C /* Products */;
			projectDirPath = "";
			projectRoot = "";
			targets = (
				1A90CAC014A28AD600F91E1C /* ios-datatable */,
			);
		};
/* End PBXProject section */

/* Begin PBXSourcesBuildPhase section */
		1A90CABD14A28AD600F91E1C /* Sources */ = {
			isa = PBXSourcesBuildPhase;
			buildActionMask = 2147483647;
			files = (
				1A90CAE714A2959A00F91E1C /* XPDataGroup.m in Sources */,
				1A90CAD414A28E3E00F91E1C /* XPDataCell.m in Sources */,
				1A90CAEB14A296CD00F91E1C /* XPDataTableViewController.m in Sources */,
				1ABBE57B14A3E3FA00B856A8 /* XPSwitchDataCell.m in Sources */,
				1A13007014C1D33D00A77F85 /* XPSliderDataCell.m in Sources */,
				1A13007514C1DB3F00A77F85 /* XPCheckmarkDataCell.m in Sources */,
				1A13007914C1DFB700A77F85 /* XPPickerDataCell.m in Sources */,
			);
			runOnlyForDeploymentPostprocessing = 0;
		};
/* End PBXSourcesBuildPhase section */

/* Begin XCBuildConfiguration section */
		1A90CACC14A28AD600F91E1C /* Debug */ = {
			isa = XCBuildConfiguration;
			buildSettings = {
				ALWAYS_SEARCH_USER_PATHS = NO;
				ARCHS = "$(ARCHS_STANDARD_32_BIT)";
				CLANG_ENABLE_OBJC_ARC = YES;
				COPY_PHASE_STRIP = NO;
				GCC_C_LANGUAGE_STANDARD = gnu99;
				GCC_DYNAMIC_NO_PIC = NO;
				GCC_OPTIMIZATION_LEVEL = 0;
				GCC_PREPROCESSOR_DEFINITIONS = (
					"DEBUG=1",
					"$(inherited)",
				);
				GCC_SYMBOLS_PRIVATE_EXTERN = NO;
				GCC_VERSION = com.apple.compilers.llvm.clang.1_0;
				GCC_WARN_ABOUT_MISSING_PROTOTYPES = YES;
				GCC_WARN_ABOUT_RETURN_TYPE = YES;
				GCC_WARN_UNUSED_VARIABLE = YES;
				IPHONEOS_DEPLOYMENT_TARGET = 5.0;
				SDKROOT = iphoneos;
			};
			name = Debug;
		};
		1A90CACD14A28AD600F91E1C /* Release */ = {
			isa = XCBuildConfiguration;
			buildSettings = {
				ALWAYS_SEARCH_USER_PATHS = NO;
				ARCHS = "$(ARCHS_STANDARD_32_BIT)";
				CLANG_ENABLE_OBJC_ARC = YES;
				COPY_PHASE_STRIP = YES;
				GCC_C_LANGUAGE_STANDARD = gnu99;
				GCC_VERSION = com.apple.compilers.llvm.clang.1_0;
				GCC_WARN_ABOUT_MISSING_PROTOTYPES = YES;
				GCC_WARN_ABOUT_RETURN_TYPE = YES;
				GCC_WARN_UNUSED_VARIABLE = YES;
				IPHONEOS_DEPLOYMENT_TARGET = 5.0;
				SDKROOT = iphoneos;
				VALIDATE_PRODUCT = YES;
			};
			name = Release;
		};
		1A90CACF14A28AD600F91E1C /* Debug */ = {
			isa = XCBuildConfiguration;
			buildSettings = {
				DSTROOT = /tmp/ios_datatable.dst;
				GCC_PRECOMPILE_PREFIX_HEADER = YES;
				GCC_PREFIX_HEADER = "ios-datatable/ios-datatable-Prefix.pch";
				OTHER_LDFLAGS = "-ObjC";
				PRODUCT_NAME = "$(TARGET_NAME)";
				SKIP_INSTALL = YES;
			};
			name = Debug;
		};
		1A90CAD014A28AD600F91E1C /* Release */ = {
			isa = XCBuildConfiguration;
			buildSettings = {
				DSTROOT = /tmp/ios_datatable.dst;
				GCC_PRECOMPILE_PREFIX_HEADER = YES;
				GCC_PREFIX_HEADER = "ios-datatable/ios-datatable-Prefix.pch";
				OTHER_LDFLAGS = "-ObjC";
				PRODUCT_NAME = "$(TARGET_NAME)";
				SKIP_INSTALL = YES;
			};
			name = Release;
		};
/* End XCBuildConfiguration section */

/* Begin XCConfigurationList section */
		1A90CABB14A28AD600F91E1C /* Build configuration list for PBXProject "ios-datatable" */ = {
			isa = XCConfigurationList;
			buildConfigurations = (
				1A90CACC14A28AD600F91E1C /* Debug */,
				1A90CACD14A28AD600F91E1C /* Release */,
			);
			defaultConfigurationIsVisible = 0;
			defaultConfigurationName = Release;
		};
		1A90CACE14A28AD600F91E1C /* Build configuration list for PBXNativeTarget "ios-datatable" */ = {
			isa = XCConfigurationList;
			buildConfigurations = (
				1A90CACF14A28AD600F91E1C /* Debug */,
				1A90CAD014A28AD600F91E1C /* Release */,
			);
			defaultConfigurationIsVisible = 0;
			defaultConfigurationName = Release;
		};
/* End XCConfigurationList section */
	};
	rootObject = 1A90CAB814A28AD600F91E1C /* Project object */;
}
